# This file is generated by running "yarn install" inside your project.
# Manual changes might be lost - proceed with caution!

__metadata:
  version: 4
  cacheKey: 5

"lodash@npm:^4.17.19":
  version: 4.17.19
  resolution: "lodash@npm:4.17.19"
  checksum: ff2b7a95f0129dba9101e346d44e0eda0f159d76bbbf23721eec1969b87a32bde3de0cfef0733218c64620e9be08040a973278d46a686540233b356115f3527c
  languageName: node
  linkType: hard

"package-a@1.0.0, package-a@workspace:packages/package-a":
  version: 0.0.0-use.local
  resolution: "package-a@workspace:packages/package-a"
  languageName: unknown
  linkType: soft

"package-b@1.0.0, package-b@workspace:packages/package-b":
  version: 0.0.0-use.local
  resolution: "package-b@workspace:packages/package-b"
  languageName: unknown
  linkType: soft

"package-c@1.0.0, package-c@workspace:packages/package-c":
  version: 0.0.0-use.local
  resolution: "package-c@workspace:packages/package-c"
  dependencies:
    lodash: ^4.17.19
  languageName: unknown
  linkType: soft

"service-a@workspace:services/service-a":
  version: 0.0.0-use.local
  resolution: "service-a@workspace:services/service-a"
  dependencies:
    package-a: 1.0.0
    package-c: 1.0.0
  languageName: unknown
  linkType: soft

"service-b@workspace:services/service-b":
  version: 0.0.0-use.local
  resolution: "service-b@workspace:services/service-b"
  dependencies:
    package-b: 1.0.0
    package-c: 1.0.0
  languageName: unknown
  linkType: soft

"yarn2-test@workspace:.":
  version: 0.0.0-use.local
  resolution: "yarn2-test@workspace:."
  languageName: unknown
  linkType: soft
